
Microsoft Visual Studio Solution File, Format Version 12.00
# Visual Studio Version 17
VisualStudioVersion = 17.13.35919.96 d17.13
MinimumVisualStudioVersion = 10.0.40219.1
Project("{FAE04EC0-301F-11D3-BF4B-00C04F79EFBC}") = "megabonk-lib", "megabonk-lib\megabonk-lib.csproj", "{A9F668A2-A1AB-48AB-AF28-CB01CC1503F1}"
EndProject
Global
	GlobalSection(SolutionConfigurationPlatforms) = preSolution
		Debug|Any CPU = Debug|Any CPU
		Debug|x64 = Debug|x64
		Release|Any CPU = Release|Any CPU
		Release|x64 = Release|x64
	EndGlobalSection
	GlobalSection(ProjectConfigurationPlatforms) = postSolution
		{A9F668A2-A1AB-48AB-AF28-CB01CC1503F1}.Debug|Any CPU.ActiveCfg = Debug|Any CPU
		{A9F668A2-A1AB-48AB-AF28-CB01CC1503F1}.Debug|Any CPU.Build.0 = Debug|Any CPU
		{A9F668A2-A1AB-48AB-AF28-CB01CC1503F1}.Debug|x64.ActiveCfg = Release|x64
		{A9F668A2-A1AB-48AB-AF28-CB01CC1503F1}.Debug|x64.Build.0 = Release|x64
		{A9F668A2-A1AB-48AB-AF28-CB01CC1503F1}.Release|Any CPU.ActiveCfg = Release|Any CPU
		{A9F668A2-A1AB-48AB-AF28-CB01CC1503F1}.Release|Any CPU.Build.0 = Release|Any CPU
		{A9F668A2-A1AB-48AB-AF28-CB01CC1503F1}.Release|x64.ActiveCfg = Release|x64
		{A9F668A2-A1AB-48AB-AF28-CB01CC1503F1}.Release|x64.Build.0 = Release|x64
	EndGlobalSection
	GlobalSection(SolutionProperties) = preSolution
		HideSolutionNode = FALSE
	EndGlobalSection
	GlobalSection(ExtensibilityGlobals) = postSolution
		SolutionGuid = {F8F00E43-CE09-4BEA-B7DF-14A551980227}
	EndGlobalSection
EndGlobal
